// !$*UTF8*$!
{
	archiveVersion = 1;
	classes = {
	};
	objectVersion = 46;
	objects = {

/* Begin PBXBuildFile section */
		F579C958141D5C61006F5E13 /* UIKit.framework in Frameworks */ = {isa = PBXBuildFile; fileRef = F579C957141D5C61006F5E13 /* UIKit.framework */; };
		F579C95A141D5C61006F5E13 /* Foundation.framework in Frameworks */ = {isa = PBXBuildFile; fileRef = F579C959141D5C61006F5E13 /* Foundation.framework */; };
		F579C95C141D5C61006F5E13 /* CoreGraphics.framework in Frameworks */ = {isa = PBXBuildFile; fileRef = F579C95B141D5C61006F5E13 /* CoreGraphics.framework */; };
		F579C962141D5C61006F5E13 /* InfoPlist.strings in Resources */ = {isa = PBXBuildFile; fileRef = F579C960141D5C61006F5E13 /* InfoPlist.strings */; };
		F579C964141D5C61006F5E13 /* main.m in Sources */ = {isa = PBXBuildFile; fileRef = F579C963141D5C61006F5E13 /* main.m */; };
		F579C968141D5C61006F5E13 /* ESAppDelegate.m in Sources */ = {isa = PBXBuildFile; fileRef = F579C967141D5C61006F5E13 /* ESAppDelegate.m */; };
		F579C971141D5CB7006F5E13 /* ESButtonViewController.m in Sources */ = {isa = PBXBuildFile; fileRef = F579C96F141D5CB7006F5E13 /* ESButtonViewController.m */; };
		F579C972141D5CB7006F5E13 /* ESButtonViewController.xib in Resources */ = {isa = PBXBuildFile; fileRef = F579C970141D5CB7006F5E13 /* ESButtonViewController.xib */; };
		F579C97B141D60EC006F5E13 /* glossyButton-disabled.png in Resources */ = {isa = PBXBuildFile; fileRef = F579C978141D60EC006F5E13 /* glossyButton-disabled.png */; };
		F579C97C141D60EC006F5E13 /* glossyButton-highlighted.png in Resources */ = {isa = PBXBuildFile; fileRef = F579C979141D60EC006F5E13 /* glossyButton-highlighted.png */; };
		F579C97D141D60EC006F5E13 /* glossyButton-normal.png in Resources */ = {isa = PBXBuildFile; fileRef = F579C97A141D60EC006F5E13 /* glossyButton-normal.png */; };
		F579C981141D6397006F5E13 /* glossyButtonWithText-disabled.png in Resources */ = {isa = PBXBuildFile; fileRef = F579C97E141D6396006F5E13 /* glossyButtonWithText-disabled.png */; };
		F579C982141D6397006F5E13 /* glossyButtonWithText-highlighted.png in Resources */ = {isa = PBXBuildFile; fileRef = F579C97F141D6397006F5E13 /* glossyButtonWithText-highlighted.png */; };
		F579C983141D6397006F5E13 /* glossyButtonWithText-normal.png in Resources */ = {isa = PBXBuildFile; fileRef = F579C980141D6397006F5E13 /* glossyButtonWithText-normal.png */; };
/* End PBXBuildFile section */

/* Begin PBXFileReference section */
		F579C953141D5C61006F5E13 /* AccessibleButtons.app */ = {isa = PBXFileReference; explicitFileType = wrapper.application; includeInIndex = 0; path = AccessibleButtons.app; sourceTree = BUILT_PRODUCTS_DIR; };
		F579C957141D5C61006F5E13 /* UIKit.framework */ = {isa = PBXFileReference; lastKnownFileType = wrapper.framework; name = UIKit.framework; path = System/Library/Frameworks/UIKit.framework; sourceTree = SDKROOT; };
		F579C959141D5C61006F5E13 /* Foundation.framework */ = {isa = PBXFileReference; lastKnownFileType = wrapper.framework; name = Foundation.framework; path = System/Library/Frameworks/Foundation.framework; sourceTree = SDKROOT; };
		F579C95B141D5C61006F5E13 /* CoreGraphics.framework */ = {isa = PBXFileReference; lastKnownFileType = wrapper.framework; name = CoreGraphics.framework; path = System/Library/Frameworks/CoreGraphics.framework; sourceTree = SDKROOT; };
		F579C95F141D5C61006F5E13 /* AccessibleButtons-Info.plist */ = {isa = PBXFileReference; lastKnownFileType = text.plist.xml; path = "AccessibleButtons-Info.plist"; sourceTree = "<group>"; };
		F579C961141D5C61006F5E13 /* en */ = {isa = PBXFileReference; lastKnownFileType = text.plist.strings; name = en; path = en.lproj/InfoPlist.strings; sourceTree = "<group>"; };
		F579C963141D5C61006F5E13 /* main.m */ = {isa = PBXFileReference; lastKnownFileType = sourcecode.c.objc; path = main.m; sourceTree = "<group>"; };
		F579C965141D5C61006F5E13 /* AccessibleButtons-Prefix.pch */ = {isa = PBXFileReference; lastKnownFileType = sourcecode.c.h; path = "AccessibleButtons-Prefix.pch"; sourceTree = "<group>"; };
		F579C966141D5C61006F5E13 /* ESAppDelegate.h */ = {isa = PBXFileReference; lastKnownFileType = sourcecode.c.h; path = ESAppDelegate.h; sourceTree = "<group>"; };
		F579C967141D5C61006F5E13 /* ESAppDelegate.m */ = {isa = PBXFileReference; lastKnownFileType = sourcecode.c.objc; path = ESAppDelegate.m; sourceTree = "<group>"; };
		F579C96E141D5CB7006F5E13 /* ESButtonViewController.h */ = {isa = PBXFileReference; fileEncoding = 4; lastKnownFileType = sourcecode.c.h; path = ESButtonViewController.h; sourceTree = "<group>"; };
		F579C96F141D5CB7006F5E13 /* ESButtonViewController.m */ = {isa = PBXFileReference; fileEncoding = 4; lastKnownFileType = sourcecode.c.objc; path = ESButtonViewController.m; sourceTree = "<group>"; };
		F579C970141D5CB7006F5E13 /* ESButtonViewController.xib */ = {isa = PBXFileReference; fileEncoding = 4; lastKnownFileType = file.xib; path = ESButtonViewController.xib; sourceTree = "<group>"; };
		F579C978141D60EC006F5E13 /* glossyButton-disabled.png */ = {isa = PBXFileReference; lastKnownFileType = image.png; path = "glossyButton-disabled.png"; sourceTree = "<group>"; };
		F579C979141D60EC006F5E13 /* glossyButton-highlighted.png */ = {isa = PBXFileReference; lastKnownFileType = image.png; path = "glossyButton-highlighted.png"; sourceTree = "<group>"; };
		F579C97A141D60EC006F5E13 /* glossyButton-normal.png */ = {isa = PBXFileReference; lastKnownFileType = image.png; path = "glossyButton-normal.png"; sourceTree = "<group>"; };
		F579C97E141D6396006F5E13 /* glossyButtonWithText-disabled.png */ = {isa = PBXFileReference; lastKnownFileType = image.png; path = "glossyButtonWithText-disabled.png"; sourceTree = "<group>"; };
		F579C97F141D6397006F5E13 /* glossyButtonWithText-highlighted.png */ = {isa = PBXFileReference; lastKnownFileType = image.png; path = "glossyButtonWithText-highlighted.png"; sourceTree = "<group>"; };
		F579C980141D6397006F5E13 /* glossyButtonWithText-normal.png */ = {isa = PBXFileReference; lastKnownFileType = image.png; path = "glossyButtonWithText-normal.png"; sourceTree = "<group>"; };
/* End PBXFileReference section */

/* Begin PBXFrameworksBuildPhase section */
		F579C950141D5C61006F5E13 /* Frameworks */ = {
			isa = PBXFrameworksBuildPhase;
			buildActionMask = 2147483647;
			files = (
				F579C958141D5C61006F5E13 /* UIKit.framework in Frameworks */,
				F579C95A141D5C61006F5E13 /* Foundation.framework in Frameworks */,
				F579C95C141D5C61006F5E13 /* CoreGraphics.framework in Frameworks */,
			);
			runOnlyForDeploymentPostprocessing = 0;
		};
/* End PBXFrameworksBuildPhase section */

/* Begin PBXGroup section */
		F579C948141D5C61006F5E13 = {
			isa = PBXGroup;
			children = (
				F579C95D141D5C61006F5E13 /* AccessibleButtons */,
				F579C956141D5C61006F5E13 /* Frameworks */,
				F579C954141D5C61006F5E13 /* Products */,
			);
			sourceTree = "<group>";
		};
		F579C954141D5C61006F5E13 /* Products */ = {
			isa = PBXGroup;
			children = (
				F579C953141D5C61006F5E13 /* AccessibleButtons.app */,
			);
			name = Products;
			sourceTree = "<group>";
		};
		F579C956141D5C61006F5E13 /* Frameworks */ = {
			isa = PBXGroup;
			children = (
				F579C957141D5C61006F5E13 /* UIKit.framework */,
				F579C959141D5C61006F5E13 /* Foundation.framework */,
				F579C95B141D5C61006F5E13 /* CoreGraphics.framework */,
			);
			name = Frameworks;
			sourceTree = "<group>";
		};
		F579C95D141D5C61006F5E13 /* AccessibleButtons */ = {
			isa = PBXGroup;
			children = (
				F579C966141D5C61006F5E13 /* ESAppDelegate.h */,
				F579C967141D5C61006F5E13 /* ESAppDelegate.m */,
				F579C96E141D5CB7006F5E13 /* ESButtonViewController.h */,
				F579C96F141D5CB7006F5E13 /* ESButtonViewController.m */,
				F579C970141D5CB7006F5E13 /* ESButtonViewController.xib */,
				F579C95E141D5C61006F5E13 /* Supporting Files */,
			);
			path = AccessibleButtons;
			sourceTree = "<group>";
		};
		F579C95E141D5C61006F5E13 /* Supporting Files */ = {
			isa = PBXGroup;
			children = (
				F579C977141D60EC006F5E13 /* Images */,
				F579C95F141D5C61006F5E13 /* AccessibleButtons-Info.plist */,
				F579C960141D5C61006F5E13 /* InfoPlist.strings */,
				F579C963141D5C61006F5E13 /* main.m */,
				F579C965141D5C61006F5E13 /* AccessibleButtons-Prefix.pch */,
			);
			name = "Supporting Files";
			sourceTree = "<group>";
		};
		F579C977141D60EC006F5E13 /* Images */ = {
			isa = PBXGroup;
			children = (
				F579C978141D60EC006F5E13 /* glossyButton-disabled.png */,
				F579C979141D60EC006F5E13 /* glossyButton-highlighted.png */,
				F579C97A141D60EC006F5E13 /* glossyButton-normal.png */,
				F579C97E141D6396006F5E13 /* glossyButtonWithText-disabled.png */,
				F579C97F141D6397006F5E13 /* glossyButtonWithText-highlighted.png */,
				F579C980141D6397006F5E13 /* glossyButtonWithText-normal.png */,
			);
			path = Images;
			sourceTree = "<group>";
		};
/* End PBXGroup section */

/* Begin PBXNativeTarget section */
		F579C952141D5C61006F5E13 /* AccessibleButtons */ = {
			isa = PBXNativeTarget;
			buildConfigurationList = F579C96B141D5C61006F5E13 /* Build configuration list for PBXNativeTarget "AccessibleButtons" */;
			buildPhases = (
				F579C94F141D5C61006F5E13 /* Sources */,
				F579C950141D5C61006F5E13 /* Frameworks */,
				F579C951141D5C61006F5E13 /* Resources */,
			);
			buildRules = (
			);
			dependencies = (
			);
			name = AccessibleButtons;
			productName = AccessibleButtons;
			productReference = F579C953141D5C61006F5E13 /* AccessibleButtons.app */;
			productType = "com.apple.product-type.application";
		};
/* End PBXNativeTarget section */

/* Begin PBXProject section */
		F579C94A141D5C61006F5E13 /* Project object */ = {
			isa = PBXProject;
			attributes = {
				LastUpgradeCheck = 0420;
				ORGANIZATIONNAME = "Doug Russell";
			};
			buildConfigurationList = F579C94D141D5C61006F5E13 /* Build configuration list for PBXProject "AccessibleButtons" */;
			compatibilityVersion = "Xcode 3.2";
			developmentRegion = English;
			hasScannedForEncodings = 0;
			knownRegions = (
				en,
			);
			mainGroup = F579C948141D5C61006F5E13;
			productRefGroup = F579C954141D5C61006F5E13 /* Products */;
			projectDirPath = "";
			projectRoot = "";
			targets = (
				F579C952141D5C61006F5E13 /* AccessibleButtons */,
			);
		};
/* End PBXProject section */

/* Begin PBXResourcesBuildPhase section */
		F579C951141D5C61006F5E13 /* Resources */ = {
			isa = PBXResourcesBuildPhase;
			buildActionMask = 2147483647;
			files = (
				F579C962141D5C61006F5E13 /* InfoPlist.strings in Resources */,
				F579C972141D5CB7006F5E13 /* ESButtonViewController.xib in Resources */,
				F579C97B141D60EC006F5E13 /* glossyButton-disabled.png in Resources */,
				F579C97C141D60EC006F5E13 /* glossyButton-highlighted.png in Resources */,
				F579C97D141D60EC006F5E13 /* glossyButton-normal.png in Resources */,
				F579C981141D6397006F5E13 /* glossyButtonWithText-disabled.png in Resources */,
				F579C982141D6397006F5E13 /* glossyButtonWithText-highlighted.png in Resources */,
				F579C983141D6397006F5E13 /* glossyButtonWithText-normal.png in Resources */,
			);
			runOnlyForDeploymentPostprocessing = 0;
		};
/* End PBXResourcesBuildPhase section */

/* Begin PBXSourcesBuildPhase section */
		F579C94F141D5C61006F5E13 /* Sources */ = {
			isa = PBXSourcesBuildPhase;
			buildActionMask = 2147483647;
			files = (
				F579C964141D5C61006F5E13 /* main.m in Sources */,
				F579C968141D5C61006F5E13 /* ESAppDelegate.m in Sources */,
				F579C971141D5CB7006F5E13 /* ESButtonViewController.m in Sources */,
			);
			runOnlyForDeploymentPostprocessing = 0;
		};
/* End PBXSourcesBuildPhase section */

/* Begin PBXVariantGroup section */
		F579C960141D5C61006F5E13 /* InfoPlist.strings */ = {
			isa = PBXVariantGroup;
			children = (
				F579C961141D5C61006F5E13 /* en */,
			);
			name = InfoPlist.strings;
			sourceTree = "<group>";
		};
/* End PBXVariantGroup section */

/* Begin XCBuildConfiguration section */
		F579C969141D5C61006F5E13 /* Debug */ = {
			isa = XCBuildConfiguration;
			buildSettings = {
				ALWAYS_SEARCH_USER_PATHS = NO;
				ARCHS = "$(ARCHS_STANDARD_32_BIT)";
				CLANG_ENABLE_OBJC_ARC = YES;
				"CODE_SIGN_IDENTITY[sdk=iphoneos*]" = "iPhone Developer";
				COPY_PHASE_STRIP = NO;
				GCC_C_LANGUAGE_STANDARD = gnu99;
				GCC_DYNAMIC_NO_PIC = NO;
				GCC_OPTIMIZATION_LEVEL = 0;
				GCC_PREPROCESSOR_DEFINITIONS = (
					"DEBUG=1",
					"$(inherited)",
				);
				GCC_SYMBOLS_PRIVATE_EXTERN = NO;
				GCC_VERSION = com.apple.compilers.llvm.clang.1_0;
				GCC_WARN_ABOUT_MISSING_PROTOTYPES = YES;
				GCC_WARN_ABOUT_RETURN_TYPE = YES;
				GCC_WARN_UNUSED_VARIABLE = YES;
				IPHONEOS_DEPLOYMENT_TARGET = 5.0;
				SDKROOT = iphoneos;
				TARGETED_DEVICE_FAMILY = 2;
			};
			name = Debug;
		};
		F579C96A141D5C61006F5E13 /* Release */ = {
			isa = XCBuildConfiguration;
			buildSettings = {
				ALWAYS_SEARCH_USER_PATHS = NO;
				ARCHS = "$(ARCHS_STANDARD_32_BIT)";
				CLANG_ENABLE_OBJC_ARC = YES;
				"CODE_SIGN_IDENTITY[sdk=iphoneos*]" = "iPhone Developer";
				COPY_PHASE_STRIP = YES;
				GCC_C_LANGUAGE_STANDARD = gnu99;
				GCC_VERSION = com.apple.compilers.llvm.clang.1_0;
				GCC_WARN_ABOUT_MISSING_PROTOTYPES = YES;
				GCC_WARN_ABOUT_RETURN_TYPE = YES;
				GCC_WARN_UNUSED_VARIABLE = YES;
				IPHONEOS_DEPLOYMENT_TARGET = 5.0;
				OTHER_CFLAGS = "-DNS_BLOCK_ASSERTIONS=1";
				SDKROOT = iphoneos;
				TARGETED_DEVICE_FAMILY = 2;
				VALIDATE_PRODUCT = YES;
			};
			name = Release;
		};
		F579C96C141D5C61006F5E13 /* Debug */ = {
			isa = XCBuildConfiguration;
			buildSettings = {
				GCC_PRECOMPILE_PREFIX_HEADER = YES;
				GCC_PREFIX_HEADER = "AccessibleButtons/AccessibleButtons-Prefix.pch";
				INFOPLIST_FILE = "AccessibleButtons/AccessibleButtons-Info.plist";
				PRODUCT_NAME = "$(TARGET_NAME)";
				WRAPPER_EXTENSION = app;
			};
			name = Debug;
		};
		F579C96D141D5C61006F5E13 /* Release */ = {
			isa = XCBuildConfiguration;
			buildSettings = {
				GCC_PRECOMPILE_PREFIX_HEADER = YES;
				GCC_PREFIX_HEADER = "AccessibleButtons/AccessibleButtons-Prefix.pch";
				INFOPLIST_FILE = "AccessibleButtons/AccessibleButtons-Info.plist";
				PRODUCT_NAME = "$(TARGET_NAME)";
				WRAPPER_EXTENSION = app;
			};
			name = Release;
		};
/* End XCBuildConfiguration section */

/* Begin XCConfigurationList section */
		F579C94D141D5C61006F5E13 /* Build configuration list for PBXProject "AccessibleButtons" */ = {
			isa = XCConfigurationList;
			buildConfigurations = (
				F579C969141D5C61006F5E13 /* Debug */,
				F579C96A141D5C61006F5E13 /* Release */,
			);
			defaultConfigurationIsVisible = 0;
			defaultConfigurationName = Release;
		};
		F579C96B141D5C61006F5E13 /* Build configuration list for PBXNativeTarget "AccessibleButtons" */ = {
			isa = XCConfigurationList;
			buildConfigurations = (
				F579C96C141D5C61006F5E13 /* Debug */,
				F579C96D141D5C61006F5E13 /* Release */,
			);
			defaultConfigurationIsVisible = 0;
		};
/* End XCConfigurationList section */
	};
	rootObject = F579C94A141D5C61006F5E13 /* Project object */;
}
